{
  "name": "pi-home",
  "version": "1.0.0",
  "lockfileVersion": 1,
  "requires": true,
  "dependencies": {
    "@types/events": {
      "version": "1.2.0",
      "resolved": "https://registry.npmjs.org/@types/events/-/events-1.2.0.tgz",
      "integrity": "sha512-KEIlhXnIutzKwRbQkGWb/I4HFqBuUykAdHgDED6xqwXJfONCjF5VoE0cXEiurh3XauygxzeDzgtXUqvLkxFzzA=="
    },
    "@types/node": {
      "version": "10.5.2",
      "resolved": "https://registry.npmjs.org/@types/node/-/node-10.5.2.tgz",
      "integrity": "sha512-m9zXmifkZsMHZBOyxZWilMwmTlpC8x5Ty360JKTiXvlXZfBWYpsg9ZZvP/Ye+iZUh+Q+MxDLjItVTWIsfwz+8Q=="
    },
    "@types/pigpio": {
      "version": "0.4.2",
      "resolved": "https://registry.npmjs.org/@types/pigpio/-/pigpio-0.4.2.tgz",
      "integrity": "sha512-SVno2Gbk2iSaBKGbf/SfICV5IZLDrb9O72n/JeHCP4EBjeEuSij9qH/Da2+ihLwl/aotElIzdpP9RKXW0ecszg==",
      "requires": {
        "@types/node": "10.5.2"
      }
    },
    "@types/ws": {
      "version": "5.1.2",
      "resolved": "https://registry.npmjs.org/@types/ws/-/ws-5.1.2.tgz",
      "integrity": "sha512-NkTXUKTYdXdnPE2aUUbGOXE1XfMK527SCvU/9bj86kyFF6kZ9ZnOQ3mK5jADn98Y2vEUD/7wKDgZa7Qst2wYOg==",
      "requires": {
        "@types/events": "1.2.0",
        "@types/node": "10.5.2"
      }
    },
    "async-limiter": {
      "version": "1.0.0",
      "resolved": "https://registry.npmjs.org/async-limiter/-/async-limiter-1.0.0.tgz",
      "integrity": "sha512-jp/uFnooOiO+L211eZOoSyzpOITMXx1rBITauYykG3BRYPu8h0UcxsPNB04RR5vo4Tyz3+ay17tR6JVf9qzYWg=="
    },
    "bindings": {
      "version": "1.3.0",
      "resolved": "https://registry.npmjs.org/bindings/-/bindings-1.3.0.tgz",
      "integrity": "sha512-DpLh5EzMR2kzvX1KIlVC0VkC3iZtHKTgdtZ0a3pglBZdaQFjt5S9g9xd1lE+YvXyfd6mtCeRnrUfOLYiTMlNSw=="
    },
    "date-fns": {
      "version": "1.29.0",
      "resolved": "https://registry.npmjs.org/date-fns/-/date-fns-1.29.0.tgz",
      "integrity": "sha512-lbTXWZ6M20cWH8N9S6afb0SBm6tMk+uUg6z3MqHPKE9atmsY3kJkTm8vKe93izJ2B2+q5MV990sM2CHgtAZaOw=="
    },
    "epoll": {
      "version": "2.0.1",
      "resolved": "https://registry.npmjs.org/epoll/-/epoll-2.0.1.tgz",
      "integrity": "sha512-BkaCu6dpfGZqiGockN6bf0pQYUdHNjKOWflOMuYNB+JnHq+SgpBQyWE7jWOWExsGVGp99A12R16WpoBZV/0UwQ==",
      "requires": {
        "bindings": "1.3.0",
        "nan": "2.10.0"
      }
    },
    "lodash.debounce": {
      "version": "4.0.8",
      "resolved": "https://registry.npmjs.org/lodash.debounce/-/lodash.debounce-4.0.8.tgz",
      "integrity": "sha1-gteb/zCmfEAF/9XiUVMArZyk168="
    },
    "nan": {
      "version": "2.10.0",
      "resolved": "https://registry.npmjs.org/nan/-/nan-2.10.0.tgz",
      "integrity": "sha512-bAdJv7fBLhWC+/Bls0Oza+mvTaNQtP+1RyhhhvD95pgUJz6XM5IzgmxOkItJ9tkoCiplvAnXI1tNmmUD/eScyA=="
    },
    "onoff": {
      "version": "3.1.0",
      "resolved": "https://registry.npmjs.org/onoff/-/onoff-3.1.0.tgz",
      "integrity": "sha512-5hD6y+AB7vW7Pb30Urb9oGVkxhtG1MdoJaEMGsKbCLzpInKdQJEcvbqOjQ8DV6N9r+acPErfz+Veb+v6VidE9A==",
      "requires": {
        "epoll": "2.0.1",
        "lodash.debounce": "4.0.8"
      }
    },
    "pigpio": {
      "version": "1.1.0",
      "resolved": "https://registry.npmjs.org/pigpio/-/pigpio-1.1.0.tgz",
      "integrity": "sha512-o21VbdElU+jIHecA6DmsByWC2qBBJGreOm2cKNK1IWz4IwfVTB3g1sRFubJaWJu4FKva+TdiSOtWlDctOM35tA==",
      "requires": {
        "bindings": "1.3.0",
        "nan": "2.10.0"
      }
    },
    "ws": {
      "version": "5.2.2",
      "resolved": "https://registry.npmjs.org/ws/-/ws-5.2.2.tgz",
      "integrity": "sha512-jaHFD6PFv6UgoIVda6qZllptQsMlDEJkTQcybzzXDYM1XO9Y8em691FGMPmM46WGyLU4z9KMgQN+qrux/nhlHA==",
      "requires": {
        "async-limiter": "1.0.0"
      }
    }
  }
}
