{
  "name": "schedule-editor",
  "version": "1.0.0",
  "lockfileVersion": 1,
  "requires": true,
  "dependencies": {
    "slim-js": {
      "version": "4.0.5",
      "resolved": "https://registry.npmjs.org/slim-js/-/slim-js-4.0.5.tgz",
      "integrity": "sha512-Emo+6LmT/Dc7mvFvZubxOLIxgzVk0xJhm3rfOTKclFw7i1zApWLTGSOUPOoUugkim//KdINgIe4Ol7oSB8YgGg=="
    }
  }
}
